{
  "name": "zeropack",
  "version": "1.0.0",
  "lockfileVersion": 3,
  "requires": true,
  "packages": {
    "": {
      "name": "zeropack",
      "version": "1.0.0",
      "license": "MIT",
      "bin": {
        "zeropack": "zeropack.js"
      },
      "devDependencies": {},
      "engines": {
        "node": ">=18.3.0"
      }
    }
  }
}
